PODS:
  - Flutter (1.0.0)
  - sqflite (0.0.3):
    - Flutter
    - FlutterMacOS
  - wechat_kit (6.1.0):
    - Flutter
    - wechat_kit/pay (= 6.1.0)
    - wechat_kit/vendor (= 6.1.0)
  - wechat_kit/pay (6.1.0):
    - Flutter
  - wechat_kit/vendor (6.1.0):
    - Flutter

DEPENDENCIES:
  - Flutter (from `Flutter`)
  - sqflite (from `.symlinks/plugins/sqflite/darwin`)
  - wechat_kit (from `.symlinks/plugins/wechat_kit/ios`)

EXTERNAL SOURCES:
  Flutter:
    :path: Flutter
  sqflite:
    :path: ".symlinks/plugins/sqflite/darwin"
  wechat_kit:
    :path: ".symlinks/plugins/wechat_kit/ios"

SPEC CHECKSUMS:
  Flutter: e0871f40cf51350855a761d2e70bf5af5b9b5de7
  sqflite: c35dad70033b8862124f8337cc994a809fcd9fa3
  wechat_kit: 6ade1696f0c722d34637ae34cf6d9210ecf18672

PODFILE CHECKSUM: 16773bb9580cda256bf22815dd6cd416595fbe3e

COCOAPODS: 1.16.2
